
Microsoft Visual Studio Solution File, Format Version 12.00
# Visual Studio Version 17
VisualStudioVersion = 17.14.36429.23 d17.14
MinimumVisualStudioVersion = 10.0.40219.1
Project("{FAE04EC0-301F-11D3-BF4B-00C04F79EFBC}") = "19.22", "19.22\19.22.csproj", "{A82B1838-9C15-428E-9BF7-95FAC4E86DE9}"
EndProject
Global
	GlobalSection(SolutionConfigurationPlatforms) = preSolution
		Debug|Any CPU = Debug|Any CPU
		Release|Any CPU = Release|Any CPU
	EndGlobalSection
	GlobalSection(ProjectConfigurationPlatforms) = postSolution
		{A82B1838-9C15-428E-9BF7-95FAC4E86DE9}.Debug|Any CPU.ActiveCfg = Debug|Any CPU
		{A82B1838-9C15-428E-9BF7-95FAC4E86DE9}.Debug|Any CPU.Build.0 = Debug|Any CPU
		{A82B1838-9C15-428E-9BF7-95FAC4E86DE9}.Release|Any CPU.ActiveCfg = Release|Any CPU
		{A82B1838-9C15-428E-9BF7-95FAC4E86DE9}.Release|Any CPU.Build.0 = Release|Any CPU
	EndGlobalSection
	GlobalSection(SolutionProperties) = preSolution
		HideSolutionNode = FALSE
	EndGlobalSection
	GlobalSection(ExtensibilityGlobals) = postSolution
		SolutionGuid = {A5CA0169-E8D3-47AB-AEE1-E8978E3CDA35}
	EndGlobalSection
EndGlobal
